// !$*UTF8*$!
{
	archiveVersion = 1;
	classes = {
	};
	objectVersion = 48;
	objects = {

/* Begin PBXBuildFile section */
		A0068ABC1FE877D20038BAC0 /* AppDelegate.swift in Sources */ = {isa = PBXBuildFile; fileRef = A0068ABB1FE877D20038BAC0 /* AppDelegate.swift */; };
		A0068ABE1FE877D20038BAC0 /* HomeVC.swift in Sources */ = {isa = PBXBuildFile; fileRef = A0068ABD1FE877D20038BAC0 /* HomeVC.swift */; };
		A0068AC11FE877D20038BAC0 /* Main.storyboard in Resources */ = {isa = PBXBuildFile; fileRef = A0068ABF1FE877D20038BAC0 /* Main.storyboard */; };
		A0068AC61FE877D20038BAC0 /* LaunchScreen.storyboard in Resources */ = {isa = PBXBuildFile; fileRef = A0068AC41FE877D20038BAC0 /* LaunchScreen.storyboard */; };
		A0105C101FE96482001E5864 /* RoundedButton.swift in Sources */ = {isa = PBXBuildFile; fileRef = A0105C0F1FE96482001E5864 /* RoundedButton.swift */; };
		A02A70391FE906B60097D878 /* GoogleService-Info.plist in Resources */ = {isa = PBXBuildFile; fileRef = A02A70381FE906B50097D878 /* GoogleService-Info.plist */; };
		A0374A571FE9684A0083937B /* Assets.xcassets in Resources */ = {isa = PBXBuildFile; fileRef = A0374A561FE9684A0083937B /* Assets.xcassets */; };
		A0374A661FE9691D0083937B /* Calibre-Thin.otf in Resources */ = {isa = PBXBuildFile; fileRef = A0374A581FE9691B0083937B /* Calibre-Thin.otf */; };
		A0374A671FE9691D0083937B /* Calibre-BoldItalic.otf in Resources */ = {isa = PBXBuildFile; fileRef = A0374A591FE9691B0083937B /* Calibre-BoldItalic.otf */; };
		A0374A681FE9691D0083937B /* Calibre-Semibold.otf in Resources */ = {isa = PBXBuildFile; fileRef = A0374A5A1FE9691B0083937B /* Calibre-Semibold.otf */; };
		A0374A691FE9691D0083937B /* Calibre-SemiboldItalic.otf in Resources */ = {isa = PBXBuildFile; fileRef = A0374A5B1FE9691B0083937B /* Calibre-SemiboldItalic.otf */; };
		A0374A6A1FE9691D0083937B /* Calibre-Medium.otf in Resources */ = {isa = PBXBuildFile; fileRef = A0374A5C1FE9691C0083937B /* Calibre-Medium.otf */; };
		A0374A6B1FE9691D0083937B /* Calibre-Regular.otf in Resources */ = {isa = PBXBuildFile; fileRef = A0374A5D1FE9691C0083937B /* Calibre-Regular.otf */; };
		A0374A6C1FE9691D0083937B /* Calibre-BlackItalic.otf in Resources */ = {isa = PBXBuildFile; fileRef = A0374A5E1FE9691C0083937B /* Calibre-BlackItalic.otf */; };
		A0374A6D1FE9691D0083937B /* Calibre-MediumItalic.otf in Resources */ = {isa = PBXBuildFile; fileRef = A0374A5F1FE9691C0083937B /* Calibre-MediumItalic.otf */; };
		A0374A6E1FE9691D0083937B /* Calibre-Bold.otf in Resources */ = {isa = PBXBuildFile; fileRef = A0374A601FE9691C0083937B /* Calibre-Bold.otf */; };
		A0374A6F1FE9691D0083937B /* Calibre-Light.otf in Resources */ = {isa = PBXBuildFile; fileRef = A0374A611FE9691C0083937B /* Calibre-Light.otf */; };
		A0374A701FE9691D0083937B /* Calibre-Black.otf in Resources */ = {isa = PBXBuildFile; fileRef = A0374A621FE9691D0083937B /* Calibre-Black.otf */; };
		A0374A711FE9691D0083937B /* Calibre-ThinItalic.otf in Resources */ = {isa = PBXBuildFile; fileRef = A0374A631FE9691D0083937B /* Calibre-ThinItalic.otf */; };
		A0374A721FE9691D0083937B /* Calibre-LightItalic.otf in Resources */ = {isa = PBXBuildFile; fileRef = A0374A641FE9691D0083937B /* Calibre-LightItalic.otf */; };
		A0374A731FE9691D0083937B /* Calibre-RegularItalic.otf in Resources */ = {isa = PBXBuildFile; fileRef = A0374A651FE9691D0083937B /* Calibre-RegularItalic.otf */; };
		A0374A771FE969310083937B /* ApercuPro-Bold.otf in Resources */ = {isa = PBXBuildFile; fileRef = A0374A741FE969300083937B /* ApercuPro-Bold.otf */; };
		A0374A781FE969310083937B /* Apercu.otf in Resources */ = {isa = PBXBuildFile; fileRef = A0374A751FE969300083937B /* Apercu.otf */; };
		A0374A791FE969310083937B /* apercu_regular_pro.otf in Resources */ = {isa = PBXBuildFile; fileRef = A0374A761FE969300083937B /* apercu_regular_pro.otf */; };
		A03CAD5F1FE9C6D8000E84DA /* OnBoardingVC.swift in Sources */ = {isa = PBXBuildFile; fileRef = A03CAD5E1FE9C6D8000E84DA /* OnBoardingVC.swift */; };
		A0461CFA1FEAB69F00553A84 /* BirthTimeVC.swift in Sources */ = {isa = PBXBuildFile; fileRef = A0461CF91FEAB69F00553A84 /* BirthTimeVC.swift */; };
		A0461CFE1FEAB75E00553A84 /* BirthPlaceVC.swift in Sources */ = {isa = PBXBuildFile; fileRef = A0461CFD1FEAB75E00553A84 /* BirthPlaceVC.swift */; };
		A0461D001FEAC64000553A84 /* SecondOnBoardingVC.swift in Sources */ = {isa = PBXBuildFile; fileRef = A0461CFF1FEAC64000553A84 /* SecondOnBoardingVC.swift */; };
		A0461D021FEAE48800553A84 /* WelcomeVC.swift in Sources */ = {isa = PBXBuildFile; fileRef = A0461D011FEAE48800553A84 /* WelcomeVC.swift */; };
		A0461D041FEAEB1100553A84 /* AstroService.swift in Sources */ = {isa = PBXBuildFile; fileRef = A0461D031FEAEB1100553A84 /* AstroService.swift */; };
		A0461D091FEAF3A000553A84 /* StringExtension.swift in Sources */ = {isa = PBXBuildFile; fileRef = A0461D081FEAF3A000553A84 /* StringExtension.swift */; };
		A074B0691FEA595B008B7C06 /* RoundedView.swift in Sources */ = {isa = PBXBuildFile; fileRef = A074B0681FEA595B008B7C06 /* RoundedView.swift */; };
		A0BE673D1FE94B690000514D /* User.swift in Sources */ = {isa = PBXBuildFile; fileRef = A0BE673C1FE94B690000514D /* User.swift */; };
		A0BE673F1FE94BF60000514D /* AuthService.swift in Sources */ = {isa = PBXBuildFile; fileRef = A0BE673E1FE94BF60000514D /* AuthService.swift */; };
		A0BE67421FE94D630000514D /* constants.swift in Sources */ = {isa = PBXBuildFile; fileRef = A0BE67411FE94D630000514D /* constants.swift */; };
		A0C7AB301FEA61D100FA16E4 /* TextFielDate.swift in Sources */ = {isa = PBXBuildFile; fileRef = A0C7AB2F1FEA61D100FA16E4 /* TextFielDate.swift */; };
		A0C7AB321FEA62D100FA16E4 /* BirthDateVC.swift in Sources */ = {isa = PBXBuildFile; fileRef = A0C7AB311FEA62D100FA16E4 /* BirthDateVC.swift */; };
		A0C7AB341FEA721800FA16E4 /* DataService.swift in Sources */ = {isa = PBXBuildFile; fileRef = A0C7AB331FEA721800FA16E4 /* DataService.swift */; };
		C447D868999D233ED20FC6A6 /* Pods_astro.framework in Frameworks */ = {isa = PBXBuildFile; fileRef = 9C415AFB8367EA30A7F0A3D3 /* Pods_astro.framework */; };
/* End PBXBuildFile section */

/* Begin PBXFileReference section */
		300E47345DF365CE37BD41CD /* Pods-astro.debug.xcconfig */ = {isa = PBXFileReference; includeInIndex = 1; lastKnownFileType = text.xcconfig; name = "Pods-astro.debug.xcconfig"; path = "Pods/Target Support Files/Pods-astro/Pods-astro.debug.xcconfig"; sourceTree = "<group>"; };
		600516250B9F38F489499304 /* Pods-astro.release.xcconfig */ = {isa = PBXFileReference; includeInIndex = 1; lastKnownFileType = text.xcconfig; name = "Pods-astro.release.xcconfig"; path = "Pods/Target Support Files/Pods-astro/Pods-astro.release.xcconfig"; sourceTree = "<group>"; };
		9C415AFB8367EA30A7F0A3D3 /* Pods_astro.framework */ = {isa = PBXFileReference; explicitFileType = wrapper.framework; includeInIndex = 0; path = Pods_astro.framework; sourceTree = BUILT_PRODUCTS_DIR; };
		A0068AB81FE877D20038BAC0 /* astro.app */ = {isa = PBXFileReference; explicitFileType = wrapper.application; includeInIndex = 0; path = astro.app; sourceTree = BUILT_PRODUCTS_DIR; };
		A0068ABB1FE877D20038BAC0 /* AppDelegate.swift */ = {isa = PBXFileReference; lastKnownFileType = sourcecode.swift; path = AppDelegate.swift; sourceTree = "<group>"; };
		A0068ABD1FE877D20038BAC0 /* HomeVC.swift */ = {isa = PBXFileReference; lastKnownFileType = sourcecode.swift; path = HomeVC.swift; sourceTree = "<group>"; };
		A0068AC01FE877D20038BAC0 /* Base */ = {isa = PBXFileReference; lastKnownFileType = file.storyboard; name = Base; path = Base.lproj/Main.storyboard; sourceTree = "<group>"; };
		A0068AC51FE877D20038BAC0 /* Base */ = {isa = PBXFileReference; lastKnownFileType = file.storyboard; name = Base; path = Base.lproj/LaunchScreen.storyboard; sourceTree = "<group>"; };
		A0068AC71FE877D20038BAC0 /* Info.plist */ = {isa = PBXFileReference; lastKnownFileType = text.plist.xml; path = Info.plist; sourceTree = "<group>"; };
		A0105C0F1FE96482001E5864 /* RoundedButton.swift */ = {isa = PBXFileReference; lastKnownFileType = sourcecode.swift; path = RoundedButton.swift; sourceTree = "<group>"; };
		A02A70381FE906B50097D878 /* GoogleService-Info.plist */ = {isa = PBXFileReference; fileEncoding = 4; lastKnownFileType = text.plist.xml; path = "GoogleService-Info.plist"; sourceTree = "<group>"; };
		A0374A561FE9684A0083937B /* Assets.xcassets */ = {isa = PBXFileReference; lastKnownFileType = folder.assetcatalog; name = Assets.xcassets; path = ../../Smack/Smack/Assets.xcassets; sourceTree = "<group>"; };
		A0374A581FE9691B0083937B /* Calibre-Thin.otf */ = {isa = PBXFileReference; lastKnownFileType = file; path = "Calibre-Thin.otf"; sourceTree = "<group>"; };
		A0374A591FE9691B0083937B /* Calibre-BoldItalic.otf */ = {isa = PBXFileReference; lastKnownFileType = file; path = "Calibre-BoldItalic.otf"; sourceTree = "<group>"; };
		A0374A5A1FE9691B0083937B /* Calibre-Semibold.otf */ = {isa = PBXFileReference; lastKnownFileType = file; path = "Calibre-Semibold.otf"; sourceTree = "<group>"; };
		A0374A5B1FE9691B0083937B /* Calibre-SemiboldItalic.otf */ = {isa = PBXFileReference; lastKnownFileType = file; path = "Calibre-SemiboldItalic.otf"; sourceTree = "<group>"; };
		A0374A5C1FE9691C0083937B /* Calibre-Medium.otf */ = {isa = PBXFileReference; lastKnownFileType = file; path = "Calibre-Medium.otf"; sourceTree = "<group>"; };
		A0374A5D1FE9691C0083937B /* Calibre-Regular.otf */ = {isa = PBXFileReference; lastKnownFileType = file; path = "Calibre-Regular.otf"; sourceTree = "<group>"; };
		A0374A5E1FE9691C0083937B /* Calibre-BlackItalic.otf */ = {isa = PBXFileReference; lastKnownFileType = file; path = "Calibre-BlackItalic.otf"; sourceTree = "<group>"; };
		A0374A5F1FE9691C0083937B /* Calibre-MediumItalic.otf */ = {isa = PBXFileReference; lastKnownFileType = file; path = "Calibre-MediumItalic.otf"; sourceTree = "<group>"; };
		A0374A601FE9691C0083937B /* Calibre-Bold.otf */ = {isa = PBXFileReference; lastKnownFileType = file; path = "Calibre-Bold.otf"; sourceTree = "<group>"; };
		A0374A611FE9691C0083937B /* Calibre-Light.otf */ = {isa = PBXFileReference; lastKnownFileType = file; path = "Calibre-Light.otf"; sourceTree = "<group>"; };
		A0374A621FE9691D0083937B /* Calibre-Black.otf */ = {isa = PBXFileReference; lastKnownFileType = file; path = "Calibre-Black.otf"; sourceTree = "<group>"; };
		A0374A631FE9691D0083937B /* Calibre-ThinItalic.otf */ = {isa = PBXFileReference; lastKnownFileType = file; path = "Calibre-ThinItalic.otf"; sourceTree = "<group>"; };
		A0374A641FE9691D0083937B /* Calibre-LightItalic.otf */ = {isa = PBXFileReference; lastKnownFileType = file; path = "Calibre-LightItalic.otf"; sourceTree = "<group>"; };
		A0374A651FE9691D0083937B /* Calibre-RegularItalic.otf */ = {isa = PBXFileReference; lastKnownFileType = file; path = "Calibre-RegularItalic.otf"; sourceTree = "<group>"; };
		A0374A741FE969300083937B /* ApercuPro-Bold.otf */ = {isa = PBXFileReference; lastKnownFileType = file; path = "ApercuPro-Bold.otf"; sourceTree = "<group>"; };
		A0374A751FE969300083937B /* Apercu.otf */ = {isa = PBXFileReference; lastKnownFileType = file; path = Apercu.otf; sourceTree = "<group>"; };
		A0374A761FE969300083937B /* apercu_regular_pro.otf */ = {isa = PBXFileReference; lastKnownFileType = file; path = apercu_regular_pro.otf; sourceTree = "<group>"; };
		A03CAD5E1FE9C6D8000E84DA /* OnBoardingVC.swift */ = {isa = PBXFileReference; lastKnownFileType = sourcecode.swift; path = OnBoardingVC.swift; sourceTree = "<group>"; };
		A0461CF91FEAB69F00553A84 /* BirthTimeVC.swift */ = {isa = PBXFileReference; lastKnownFileType = sourcecode.swift; path = BirthTimeVC.swift; sourceTree = "<group>"; };
		A0461CFD1FEAB75E00553A84 /* BirthPlaceVC.swift */ = {isa = PBXFileReference; lastKnownFileType = sourcecode.swift; path = BirthPlaceVC.swift; sourceTree = "<group>"; };
		A0461CFF1FEAC64000553A84 /* SecondOnBoardingVC.swift */ = {isa = PBXFileReference; lastKnownFileType = sourcecode.swift; path = SecondOnBoardingVC.swift; sourceTree = "<group>"; };
		A0461D011FEAE48800553A84 /* WelcomeVC.swift */ = {isa = PBXFileReference; lastKnownFileType = sourcecode.swift; path = WelcomeVC.swift; sourceTree = "<group>"; };
		A0461D031FEAEB1100553A84 /* AstroService.swift */ = {isa = PBXFileReference; lastKnownFileType = sourcecode.swift; path = AstroService.swift; sourceTree = "<group>"; };
		A0461D081FEAF3A000553A84 /* StringExtension.swift */ = {isa = PBXFileReference; lastKnownFileType = sourcecode.swift; path = StringExtension.swift; sourceTree = "<group>"; };
		A074B0681FEA595B008B7C06 /* RoundedView.swift */ = {isa = PBXFileReference; lastKnownFileType = sourcecode.swift; path = RoundedView.swift; sourceTree = "<group>"; };
		A0BE673C1FE94B690000514D /* User.swift */ = {isa = PBXFileReference; lastKnownFileType = sourcecode.swift; path = User.swift; sourceTree = "<group>"; };
		A0BE673E1FE94BF60000514D /* AuthService.swift */ = {isa = PBXFileReference; lastKnownFileType = sourcecode.swift; path = AuthService.swift; sourceTree = "<group>"; };
		A0BE67411FE94D630000514D /* constants.swift */ = {isa = PBXFileReference; lastKnownFileType = sourcecode.swift; path = constants.swift; sourceTree = "<group>"; };
		A0C7AB2F1FEA61D100FA16E4 /* TextFielDate.swift */ = {isa = PBXFileReference; lastKnownFileType = sourcecode.swift; path = TextFielDate.swift; sourceTree = "<group>"; };
		A0C7AB311FEA62D100FA16E4 /* BirthDateVC.swift */ = {isa = PBXFileReference; lastKnownFileType = sourcecode.swift; path = BirthDateVC.swift; sourceTree = "<group>"; };
		A0C7AB331FEA721800FA16E4 /* DataService.swift */ = {isa = PBXFileReference; lastKnownFileType = sourcecode.swift; path = DataService.swift; sourceTree = "<group>"; };
/* End PBXFileReference section */

/* Begin PBXFrameworksBuildPhase section */
		A0068AB51FE877D20038BAC0 /* Frameworks */ = {
			isa = PBXFrameworksBuildPhase;
			buildActionMask = 2147483647;
			files = (
				C447D868999D233ED20FC6A6 /* Pods_astro.framework in Frameworks */,
			);
			runOnlyForDeploymentPostprocessing = 0;
		};
/* End PBXFrameworksBuildPhase section */

/* Begin PBXGroup section */
		1093A6D57FACE9728CABDB8A /* Frameworks */ = {
			isa = PBXGroup;
			children = (
				9C415AFB8367EA30A7F0A3D3 /* Pods_astro.framework */,
			);
			name = Frameworks;
			sourceTree = "<group>";
		};
		2B962BBD8F49A16B3D328E02 /* Pods */ = {
			isa = PBXGroup;
			children = (
				300E47345DF365CE37BD41CD /* Pods-astro.debug.xcconfig */,
				600516250B9F38F489499304 /* Pods-astro.release.xcconfig */,
			);
			name = Pods;
			sourceTree = "<group>";
		};
		A0068AAF1FE877D20038BAC0 = {
			isa = PBXGroup;
			children = (
				A0068ABA1FE877D20038BAC0 /* astro */,
				A0068AB91FE877D20038BAC0 /* Products */,
				2B962BBD8F49A16B3D328E02 /* Pods */,
				1093A6D57FACE9728CABDB8A /* Frameworks */,
			);
			sourceTree = "<group>";
		};
		A0068AB91FE877D20038BAC0 /* Products */ = {
			isa = PBXGroup;
			children = (
				A0068AB81FE877D20038BAC0 /* astro.app */,
			);
			name = Products;
			sourceTree = "<group>";
		};
		A0068ABA1FE877D20038BAC0 /* astro */ = {
			isa = PBXGroup;
			children = (
				A0461D051FEAF34200553A84 /* Extensions */,
				A0905D431FE967E8005E6F4B /* Fonts */,
				A0BE67401FE94D530000514D /* Utilities */,
				A0068AD01FE877FE0038BAC0 /* Services */,
				A0068ACF1FE877F30038BAC0 /* Controllers */,
				A0068ACE1FE877ED0038BAC0 /* Views */,
				A0068ACD1FE877E60038BAC0 /* Models */,
				A0068ABB1FE877D20038BAC0 /* AppDelegate.swift */,
				A0068ABF1FE877D20038BAC0 /* Main.storyboard */,
				A0068AC41FE877D20038BAC0 /* LaunchScreen.storyboard */,
				A0068AC71FE877D20038BAC0 /* Info.plist */,
				A0374A561FE9684A0083937B /* Assets.xcassets */,
				A02A70381FE906B50097D878 /* GoogleService-Info.plist */,
			);
			path = astro;
			sourceTree = "<group>";
		};
		A0068ACD1FE877E60038BAC0 /* Models */ = {
			isa = PBXGroup;
			children = (
				A0BE673C1FE94B690000514D /* User.swift */,
			);
			path = Models;
			sourceTree = "<group>";
		};
		A0068ACE1FE877ED0038BAC0 /* Views */ = {
			isa = PBXGroup;
			children = (
				A0105C0F1FE96482001E5864 /* RoundedButton.swift */,
				A074B0681FEA595B008B7C06 /* RoundedView.swift */,
				A0C7AB2F1FEA61D100FA16E4 /* TextFielDate.swift */,
			);
			path = Views;
			sourceTree = "<group>";
		};
		A0068ACF1FE877F30038BAC0 /* Controllers */ = {
			isa = PBXGroup;
			children = (
				A0068ABD1FE877D20038BAC0 /* HomeVC.swift */,
				A03CAD5E1FE9C6D8000E84DA /* OnBoardingVC.swift */,
				A0C7AB311FEA62D100FA16E4 /* BirthDateVC.swift */,
				A0461CF91FEAB69F00553A84 /* BirthTimeVC.swift */,
				A0461CFD1FEAB75E00553A84 /* BirthPlaceVC.swift */,
				A0461CFF1FEAC64000553A84 /* SecondOnBoardingVC.swift */,
				A0461D011FEAE48800553A84 /* WelcomeVC.swift */,
			);
			path = Controllers;
			sourceTree = "<group>";
		};
		A0068AD01FE877FE0038BAC0 /* Services */ = {
			isa = PBXGroup;
			children = (
				A0BE673E1FE94BF60000514D /* AuthService.swift */,
				A0C7AB331FEA721800FA16E4 /* DataService.swift */,
				A0461D031FEAEB1100553A84 /* AstroService.swift */,
			);
			path = Services;
			sourceTree = "<group>";
		};
		A0461D051FEAF34200553A84 /* Extensions */ = {
			isa = PBXGroup;
			children = (
				A0461D081FEAF3A000553A84 /* StringExtension.swift */,
			);
			path = Extensions;
			sourceTree = "<group>";
		};
		A0905D431FE967E8005E6F4B /* Fonts */ = {
			isa = PBXGroup;
			children = (
				A0374A621FE9691D0083937B /* Calibre-Black.otf */,
				A0374A5E1FE9691C0083937B /* Calibre-BlackItalic.otf */,
				A0374A601FE9691C0083937B /* Calibre-Bold.otf */,
				A0374A591FE9691B0083937B /* Calibre-BoldItalic.otf */,
				A0374A611FE9691C0083937B /* Calibre-Light.otf */,
				A0374A641FE9691D0083937B /* Calibre-LightItalic.otf */,
				A0374A5C1FE9691C0083937B /* Calibre-Medium.otf */,
				A0374A761FE969300083937B /* apercu_regular_pro.otf */,
				A0374A751FE969300083937B /* Apercu.otf */,
				A0374A741FE969300083937B /* ApercuPro-Bold.otf */,
				A0374A5F1FE9691C0083937B /* Calibre-MediumItalic.otf */,
				A0374A5D1FE9691C0083937B /* Calibre-Regular.otf */,
				A0374A651FE9691D0083937B /* Calibre-RegularItalic.otf */,
				A0374A5A1FE9691B0083937B /* Calibre-Semibold.otf */,
				A0374A5B1FE9691B0083937B /* Calibre-SemiboldItalic.otf */,
				A0374A581FE9691B0083937B /* Calibre-Thin.otf */,
				A0374A631FE9691D0083937B /* Calibre-ThinItalic.otf */,
			);
			path = Fonts;
			sourceTree = "<group>";
		};
		A0BE67401FE94D530000514D /* Utilities */ = {
			isa = PBXGroup;
			children = (
				A0BE67411FE94D630000514D /* constants.swift */,
			);
			path = Utilities;
			sourceTree = "<group>";
		};
/* End PBXGroup section */

/* Begin PBXNativeTarget section */
		A0068AB71FE877D20038BAC0 /* astro */ = {
			isa = PBXNativeTarget;
			buildConfigurationList = A0068ACA1FE877D20038BAC0 /* Build configuration list for PBXNativeTarget "astro" */;
			buildPhases = (
				970A87206D778DD76A25C098 /* [CP] Check Pods Manifest.lock */,
				A0068AB41FE877D20038BAC0 /* Sources */,
				A0068AB51FE877D20038BAC0 /* Frameworks */,
				A0068AB61FE877D20038BAC0 /* Resources */,
				697527A56305E3288CAB471D /* [CP] Embed Pods Frameworks */,
				F6221F63B13F33E4CF8697E3 /* [CP] Copy Pods Resources */,
			);
			buildRules = (
			);
			dependencies = (
			);
			name = astro;
			productName = astro;
			productReference = A0068AB81FE877D20038BAC0 /* astro.app */;
			productType = "com.apple.product-type.application";
		};
/* End PBXNativeTarget section */

/* Begin PBXProject section */
		A0068AB01FE877D20038BAC0 /* Project object */ = {
			isa = PBXProject;
			attributes = {
				LastSwiftUpdateCheck = 0910;
				LastUpgradeCheck = 0910;
				ORGANIZATIONNAME = "Mohamed SADAT";
				TargetAttributes = {
					A0068AB71FE877D20038BAC0 = {
						CreatedOnToolsVersion = 9.1;
						ProvisioningStyle = Automatic;
					};
				};
			};
			buildConfigurationList = A0068AB31FE877D20038BAC0 /* Build configuration list for PBXProject "astro" */;
			compatibilityVersion = "Xcode 8.0";
			developmentRegion = en;
			hasScannedForEncodings = 0;
			knownRegions = (
				en,
				Base,
			);
			mainGroup = A0068AAF1FE877D20038BAC0;
			productRefGroup = A0068AB91FE877D20038BAC0 /* Products */;
			projectDirPath = "";
			projectRoot = "";
			targets = (
				A0068AB71FE877D20038BAC0 /* astro */,
			);
		};
/* End PBXProject section */

/* Begin PBXResourcesBuildPhase section */
		A0068AB61FE877D20038BAC0 /* Resources */ = {
			isa = PBXResourcesBuildPhase;
			buildActionMask = 2147483647;
			files = (
				A0068AC61FE877D20038BAC0 /* LaunchScreen.storyboard in Resources */,
				A0374A671FE9691D0083937B /* Calibre-BoldItalic.otf in Resources */,
				A0374A6E1FE9691D0083937B /* Calibre-Bold.otf in Resources */,
				A0374A771FE969310083937B /* ApercuPro-Bold.otf in Resources */,
				A0374A731FE9691D0083937B /* Calibre-RegularItalic.otf in Resources */,
				A0374A791FE969310083937B /* apercu_regular_pro.otf in Resources */,
				A0374A6A1FE9691D0083937B /* Calibre-Medium.otf in Resources */,
				A0374A6B1FE9691D0083937B /* Calibre-Regular.otf in Resources */,
				A0374A711FE9691D0083937B /* Calibre-ThinItalic.otf in Resources */,
				A02A70391FE906B60097D878 /* GoogleService-Info.plist in Resources */,
				A0374A6D1FE9691D0083937B /* Calibre-MediumItalic.otf in Resources */,
				A0374A661FE9691D0083937B /* Calibre-Thin.otf in Resources */,
				A0374A701FE9691D0083937B /* Calibre-Black.otf in Resources */,
				A0374A6C1FE9691D0083937B /* Calibre-BlackItalic.otf in Resources */,
				A0374A781FE969310083937B /* Apercu.otf in Resources */,
				A0374A6F1FE9691D0083937B /* Calibre-Light.otf in Resources */,
				A0374A721FE9691D0083937B /* Calibre-LightItalic.otf in Resources */,
				A0374A681FE9691D0083937B /* Calibre-Semibold.otf in Resources */,
				A0374A691FE9691D0083937B /* Calibre-SemiboldItalic.otf in Resources */,
				A0374A571FE9684A0083937B /* Assets.xcassets in Resources */,
				A0068AC11FE877D20038BAC0 /* Main.storyboard in Resources */,
			);
			runOnlyForDeploymentPostprocessing = 0;
		};
/* End PBXResourcesBuildPhase section */

/* Begin PBXShellScriptBuildPhase section */
		697527A56305E3288CAB471D /* [CP] Embed Pods Frameworks */ = {
			isa = PBXShellScriptBuildPhase;
			buildActionMask = 2147483647;
			files = (
			);
			inputPaths = (
				"${SRCROOT}/Pods/Target Support Files/Pods-astro/Pods-astro-frameworks.sh",
				"${BUILT_PRODUCTS_DIR}/Alamofire/Alamofire.framework",
				"${BUILT_PRODUCTS_DIR}/Bolts/Bolts.framework",
				"${BUILT_PRODUCTS_DIR}/FBSDKCoreKit/FBSDKCoreKit.framework",
				"${BUILT_PRODUCTS_DIR}/FBSDKLoginKit/FBSDKLoginKit.framework",
				"${BUILT_PRODUCTS_DIR}/GTMSessionFetcher/GTMSessionFetcher.framework",
				"${BUILT_PRODUCTS_DIR}/GoogleToolboxForMac/GoogleToolboxForMac.framework",
				"${BUILT_PRODUCTS_DIR}/SwiftyJSON/SwiftyJSON.framework",
				"${BUILT_PRODUCTS_DIR}/leveldb-library/leveldb.framework",
				"${BUILT_PRODUCTS_DIR}/nanopb/nanopb.framework",
			);
			name = "[CP] Embed Pods Frameworks";
			outputPaths = (
				"${TARGET_BUILD_DIR}/${FRAMEWORKS_FOLDER_PATH}/Alamofire.framework",
				"${TARGET_BUILD_DIR}/${FRAMEWORKS_FOLDER_PATH}/Bolts.framework",
				"${TARGET_BUILD_DIR}/${FRAMEWORKS_FOLDER_PATH}/FBSDKCoreKit.framework",
				"${TARGET_BUILD_DIR}/${FRAMEWORKS_FOLDER_PATH}/FBSDKLoginKit.framework",
				"${TARGET_BUILD_DIR}/${FRAMEWORKS_FOLDER_PATH}/GTMSessionFetcher.framework",
				"${TARGET_BUILD_DIR}/${FRAMEWORKS_FOLDER_PATH}/GoogleToolboxForMac.framework",
				"${TARGET_BUILD_DIR}/${FRAMEWORKS_FOLDER_PATH}/SwiftyJSON.framework",
				"${TARGET_BUILD_DIR}/${FRAMEWORKS_FOLDER_PATH}/leveldb.framework",
				"${TARGET_BUILD_DIR}/${FRAMEWORKS_FOLDER_PATH}/nanopb.framework",
			);
			runOnlyForDeploymentPostprocessing = 0;
			shellPath = /bin/sh;
			shellScript = "\"${SRCROOT}/Pods/Target Support Files/Pods-astro/Pods-astro-frameworks.sh\"\n";
			showEnvVarsInLog = 0;
		};
		970A87206D778DD76A25C098 /* [CP] Check Pods Manifest.lock */ = {
			isa = PBXShellScriptBuildPhase;
			buildActionMask = 2147483647;
			files = (
			);
			inputPaths = (
				"${PODS_PODFILE_DIR_PATH}/Podfile.lock",
				"${PODS_ROOT}/Manifest.lock",
			);
			name = "[CP] Check Pods Manifest.lock";
			outputPaths = (
				"$(DERIVED_FILE_DIR)/Pods-astro-checkManifestLockResult.txt",
			);
			runOnlyForDeploymentPostprocessing = 0;
			shellPath = /bin/sh;
			shellScript = "diff \"${PODS_PODFILE_DIR_PATH}/Podfile.lock\" \"${PODS_ROOT}/Manifest.lock\" > /dev/null\nif [ $? != 0 ] ; then\n    # print error to STDERR\n    echo \"error: The sandbox is not in sync with the Podfile.lock. Run 'pod install' or update your CocoaPods installation.\" >&2\n    exit 1\nfi\n# This output is used by Xcode 'outputs' to avoid re-running this script phase.\necho \"SUCCESS\" > \"${SCRIPT_OUTPUT_FILE_0}\"\n";
			showEnvVarsInLog = 0;
		};
		F6221F63B13F33E4CF8697E3 /* [CP] Copy Pods Resources */ = {
			isa = PBXShellScriptBuildPhase;
			buildActionMask = 2147483647;
			files = (
			);
			inputPaths = (
			);
			name = "[CP] Copy Pods Resources";
			outputPaths = (
			);
			runOnlyForDeploymentPostprocessing = 0;
			shellPath = /bin/sh;
			shellScript = "\"${SRCROOT}/Pods/Target Support Files/Pods-astro/Pods-astro-resources.sh\"\n";
			showEnvVarsInLog = 0;
		};
/* End PBXShellScriptBuildPhase section */

/* Begin PBXSourcesBuildPhase section */
		A0068AB41FE877D20038BAC0 /* Sources */ = {
			isa = PBXSourcesBuildPhase;
			buildActionMask = 2147483647;
			files = (
				A074B0691FEA595B008B7C06 /* RoundedView.swift in Sources */,
				A0068ABE1FE877D20038BAC0 /* HomeVC.swift in Sources */,
				A0105C101FE96482001E5864 /* RoundedButton.swift in Sources */,
				A0068ABC1FE877D20038BAC0 /* AppDelegate.swift in Sources */,
				A0461CFE1FEAB75E00553A84 /* BirthPlaceVC.swift in Sources */,
				A0C7AB321FEA62D100FA16E4 /* BirthDateVC.swift in Sources */,
				A0461D021FEAE48800553A84 /* WelcomeVC.swift in Sources */,
				A0461D041FEAEB1100553A84 /* AstroService.swift in Sources */,
				A0461D091FEAF3A000553A84 /* StringExtension.swift in Sources */,
				A0461CFA1FEAB69F00553A84 /* BirthTimeVC.swift in Sources */,
				A0C7AB341FEA721800FA16E4 /* DataService.swift in Sources */,
				A0C7AB301FEA61D100FA16E4 /* TextFielDate.swift in Sources */,
				A0461D001FEAC64000553A84 /* SecondOnBoardingVC.swift in Sources */,
				A03CAD5F1FE9C6D8000E84DA /* OnBoardingVC.swift in Sources */,
				A0BE673D1FE94B690000514D /* User.swift in Sources */,
				A0BE67421FE94D630000514D /* constants.swift in Sources */,
				A0BE673F1FE94BF60000514D /* AuthService.swift in Sources */,
			);
			runOnlyForDeploymentPostprocessing = 0;
		};
/* End PBXSourcesBuildPhase section */

/* Begin PBXVariantGroup section */
		A0068ABF1FE877D20038BAC0 /* Main.storyboard */ = {
			isa = PBXVariantGroup;
			children = (
				A0068AC01FE877D20038BAC0 /* Base */,
			);
			name = Main.storyboard;
			sourceTree = "<group>";
		};
		A0068AC41FE877D20038BAC0 /* LaunchScreen.storyboard */ = {
			isa = PBXVariantGroup;
			children = (
				A0068AC51FE877D20038BAC0 /* Base */,
			);
			name = LaunchScreen.storyboard;
			sourceTree = "<group>";
		};
/* End PBXVariantGroup section */

/* Begin XCBuildConfiguration section */
		A0068AC81FE877D20038BAC0 /* Debug */ = {
			isa = XCBuildConfiguration;
			buildSettings = {
				ALWAYS_SEARCH_USER_PATHS = NO;
				CLANG_ANALYZER_NONNULL = YES;
				CLANG_ANALYZER_NUMBER_OBJECT_CONVERSION = YES_AGGRESSIVE;
				CLANG_CXX_LANGUAGE_STANDARD = "gnu++14";
				CLANG_CXX_LIBRARY = "libc++";
				CLANG_ENABLE_MODULES = YES;
				CLANG_ENABLE_OBJC_ARC = YES;
				CLANG_WARN_BLOCK_CAPTURE_AUTORELEASING = YES;
				CLANG_WARN_BOOL_CONVERSION = YES;
				CLANG_WARN_COMMA = YES;
				CLANG_WARN_CONSTANT_CONVERSION = YES;
				CLANG_WARN_DIRECT_OBJC_ISA_USAGE = YES_ERROR;
				CLANG_WARN_DOCUMENTATION_COMMENTS = YES;
				CLANG_WARN_EMPTY_BODY = YES;
				CLANG_WARN_ENUM_CONVERSION = YES;
				CLANG_WARN_INFINITE_RECURSION = YES;
				CLANG_WARN_INT_CONVERSION = YES;
				CLANG_WARN_NON_LITERAL_NULL_CONVERSION = YES;
				CLANG_WARN_OBJC_LITERAL_CONVERSION = YES;
				CLANG_WARN_OBJC_ROOT_CLASS = YES_ERROR;
				CLANG_WARN_RANGE_LOOP_ANALYSIS = YES;
				CLANG_WARN_STRICT_PROTOTYPES = YES;
				CLANG_WARN_SUSPICIOUS_MOVE = YES;
				CLANG_WARN_UNGUARDED_AVAILABILITY = YES_AGGRESSIVE;
				CLANG_WARN_UNREACHABLE_CODE = YES;
				CLANG_WARN__DUPLICATE_METHOD_MATCH = YES;
				CODE_SIGN_IDENTITY = "iPhone Developer";
				COPY_PHASE_STRIP = NO;
				DEBUG_INFORMATION_FORMAT = dwarf;
				ENABLE_STRICT_OBJC_MSGSEND = YES;
				ENABLE_TESTABILITY = YES;
				GCC_C_LANGUAGE_STANDARD = gnu11;
				GCC_DYNAMIC_NO_PIC = NO;
				GCC_NO_COMMON_BLOCKS = YES;
				GCC_OPTIMIZATION_LEVEL = 0;
				GCC_PREPROCESSOR_DEFINITIONS = (
					"DEBUG=1",
					"$(inherited)",
				);
				GCC_WARN_64_TO_32_BIT_CONVERSION = YES;
				GCC_WARN_ABOUT_RETURN_TYPE = YES_ERROR;
				GCC_WARN_UNDECLARED_SELECTOR = YES;
				GCC_WARN_UNINITIALIZED_AUTOS = YES_AGGRESSIVE;
				GCC_WARN_UNUSED_FUNCTION = YES;
				GCC_WARN_UNUSED_VARIABLE = YES;
				IPHONEOS_DEPLOYMENT_TARGET = 11.1;
				MTL_ENABLE_DEBUG_INFO = YES;
				ONLY_ACTIVE_ARCH = YES;
				SDKROOT = iphoneos;
				SWIFT_ACTIVE_COMPILATION_CONDITIONS = DEBUG;
				SWIFT_OPTIMIZATION_LEVEL = "-Onone";
			};
			name = Debug;
		};
		A0068AC91FE877D20038BAC0 /* Release */ = {
			isa = XCBuildConfiguration;
			buildSettings = {
				ALWAYS_SEARCH_USER_PATHS = NO;
				CLANG_ANALYZER_NONNULL = YES;
				CLANG_ANALYZER_NUMBER_OBJECT_CONVERSION = YES_AGGRESSIVE;
				CLANG_CXX_LANGUAGE_STANDARD = "gnu++14";
				CLANG_CXX_LIBRARY = "libc++";
				CLANG_ENABLE_MODULES = YES;
				CLANG_ENABLE_OBJC_ARC = YES;
				CLANG_WARN_BLOCK_CAPTURE_AUTORELEASING = YES;
				CLANG_WARN_BOOL_CONVERSION = YES;
				CLANG_WARN_COMMA = YES;
				CLANG_WARN_CONSTANT_CONVERSION = YES;
				CLANG_WARN_DIRECT_OBJC_ISA_USAGE = YES_ERROR;
				CLANG_WARN_DOCUMENTATION_COMMENTS = YES;
				CLANG_WARN_EMPTY_BODY = YES;
				CLANG_WARN_ENUM_CONVERSION = YES;
				CLANG_WARN_INFINITE_RECURSION = YES;
				CLANG_WARN_INT_CONVERSION = YES;
				CLANG_WARN_NON_LITERAL_NULL_CONVERSION = YES;
				CLANG_WARN_OBJC_LITERAL_CONVERSION = YES;
				CLANG_WARN_OBJC_ROOT_CLASS = YES_ERROR;
				CLANG_WARN_RANGE_LOOP_ANALYSIS = YES;
				CLANG_WARN_STRICT_PROTOTYPES = YES;
				CLANG_WARN_SUSPICIOUS_MOVE = YES;
				CLANG_WARN_UNGUARDED_AVAILABILITY = YES_AGGRESSIVE;
				CLANG_WARN_UNREACHABLE_CODE = YES;
				CLANG_WARN__DUPLICATE_METHOD_MATCH = YES;
				CODE_SIGN_IDENTITY = "iPhone Developer";
				COPY_PHASE_STRIP = NO;
				DEBUG_INFORMATION_FORMAT = "dwarf-with-dsym";
				ENABLE_NS_ASSERTIONS = NO;
				ENABLE_STRICT_OBJC_MSGSEND = YES;
				GCC_C_LANGUAGE_STANDARD = gnu11;
				GCC_NO_COMMON_BLOCKS = YES;
				GCC_WARN_64_TO_32_BIT_CONVERSION = YES;
				GCC_WARN_ABOUT_RETURN_TYPE = YES_ERROR;
				GCC_WARN_UNDECLARED_SELECTOR = YES;
				GCC_WARN_UNINITIALIZED_AUTOS = YES_AGGRESSIVE;
				GCC_WARN_UNUSED_FUNCTION = YES;
				GCC_WARN_UNUSED_VARIABLE = YES;
				IPHONEOS_DEPLOYMENT_TARGET = 11.1;
				MTL_ENABLE_DEBUG_INFO = NO;
				SDKROOT = iphoneos;
				SWIFT_OPTIMIZATION_LEVEL = "-Owholemodule";
				VALIDATE_PRODUCT = YES;
			};
			name = Release;
		};
		A0068ACB1FE877D20038BAC0 /* Debug */ = {
			isa = XCBuildConfiguration;
			baseConfigurationReference = 300E47345DF365CE37BD41CD /* Pods-astro.debug.xcconfig */;
			buildSettings = {
				ASSETCATALOG_COMPILER_APPICON_NAME = AppIcon;
				CODE_SIGN_STYLE = Automatic;
				DEVELOPMENT_TEAM = JBD2W62Q7B;
				INFOPLIST_FILE = astro/Info.plist;
				LD_RUNPATH_SEARCH_PATHS = "$(inherited) @executable_path/Frameworks";
				PRODUCT_BUNDLE_IDENTIFIER = com.mohsadat.astro;
				PRODUCT_NAME = "$(TARGET_NAME)";
				SWIFT_VERSION = 4.0;
				TARGETED_DEVICE_FAMILY = "1,2";
			};
			name = Debug;
		};
		A0068ACC1FE877D20038BAC0 /* Release */ = {
			isa = XCBuildConfiguration;
			baseConfigurationReference = 600516250B9F38F489499304 /* Pods-astro.release.xcconfig */;
			buildSettings = {
				ASSETCATALOG_COMPILER_APPICON_NAME = AppIcon;
				CODE_SIGN_STYLE = Automatic;
				DEVELOPMENT_TEAM = JBD2W62Q7B;
				INFOPLIST_FILE = astro/Info.plist;
				LD_RUNPATH_SEARCH_PATHS = "$(inherited) @executable_path/Frameworks";
				PRODUCT_BUNDLE_IDENTIFIER = com.mohsadat.astro;
				PRODUCT_NAME = "$(TARGET_NAME)";
				SWIFT_VERSION = 4.0;
				TARGETED_DEVICE_FAMILY = "1,2";
			};
			name = Release;
		};
/* End XCBuildConfiguration section */

/* Begin XCConfigurationList section */
		A0068AB31FE877D20038BAC0 /* Build configuration list for PBXProject "astro" */ = {
			isa = XCConfigurationList;
			buildConfigurations = (
				A0068AC81FE877D20038BAC0 /* Debug */,
				A0068AC91FE877D20038BAC0 /* Release */,
			);
			defaultConfigurationIsVisible = 0;
			defaultConfigurationName = Release;
		};
		A0068ACA1FE877D20038BAC0 /* Build configuration list for PBXNativeTarget "astro" */ = {
			isa = XCConfigurationList;
			buildConfigurations = (
				A0068ACB1FE877D20038BAC0 /* Debug */,
				A0068ACC1FE877D20038BAC0 /* Release */,
			);
			defaultConfigurationIsVisible = 0;
			defaultConfigurationName = Release;
		};
/* End XCConfigurationList section */
	};
	rootObject = A0068AB01FE877D20038BAC0 /* Project object */;
}
